
Microsoft Visual Studio Solution File, Format Version 12.00
# Visual Studio Version 17
VisualStudioVersion = 17.13.35806.99
MinimumVisualStudioVersion = 10.0.40219.1
Project("{FAE04EC0-301F-11D3-BF4B-00C04F79EFBC}") = "P202502171100-Terning", "P202502171100-Terning\P202502171100-Terning.csproj", "{C91307D6-0B2A-44AC-A243-A3352C62B20A}"
EndProject
Project("{FAE04EC0-301F-11D3-BF4B-00C04F79EFBC}") = "P202502171000-maskine", "P202502171000-Maskine\P202502171000-maskine.csproj", "{00C2A615-9F57-1351-2CA2-B7B24D0F8C6E}"
EndProject
Project("{FAE04EC0-301F-11D3-BF4B-00C04F79EFBC}") = "P202502171245-Delegate", "P202502171245-Delegate\P202502171245-Delegate.csproj", "{0034E513-69B7-4647-A175-CA7C38A2888A}"
EndProject
Project("{FAE04EC0-301F-11D3-BF4B-00C04F79EFBC}") = "P202502171345-Indbyggede", "P202502171345-Indbyggede\P202502171345-Indbyggede.csproj", "{C5A44B4D-F0C6-4890-88F7-1095C39E4E76}"
EndProject
Project("{FAE04EC0-301F-11D3-BF4B-00C04F79EFBC}") = "P202502171430-Lambda", "P202502171430-Lambda\P202502171430-Lambda.csproj", "{FD60E1B3-531D-4394-A722-2AC63A404AD9}"
EndProject
Project("{FAE04EC0-301F-11D3-BF4B-00C04F79EFBC}") = "P202502171510-Terning-Event", "P202502171510-Terning-Event\P202502171510-Terning-Event.csproj", "{F9BBBE94-0EF2-4E63-A9F5-B7406D6EDC67}"
EndProject
Project("{FAE04EC0-301F-11D3-BF4B-00C04F79EFBC}") = "P202502180900-Events", "P202502180900-Events\P202502180900-Events.csproj", "{4832AC99-E212-4BDB-A5E9-8E0D34441520}"
EndProject
Project("{FAE04EC0-301F-11D3-BF4B-00C04F79EFBC}") = "P202502181000-linq", "P202502181000-linq\P202502181000-linq.csproj", "{81425038-F83A-43D7-9F8C-D24853B6033A}"
EndProject
Project("{FAE04EC0-301F-11D3-BF4B-00C04F79EFBC}") = "P202502181120-linq2", "P202502181120-linq2\P202502181120-linq2.csproj", "{FD46F7DE-E049-4735-9284-A36761CCD096}"
EndProject
Project("{FAE04EC0-301F-11D3-BF4B-00C04F79EFBC}") = "P202502181240-ef", "P202502181240-ef\P202502181240-ef.csproj", "{5E981C32-A330-4BC5-917D-0E416AC79B4C}"
EndProject
Project("{FAE04EC0-301F-11D3-BF4B-00C04F79EFBC}") = "P202502181400-async", "P202502181400-async\P202502181400-async.csproj", "{43330FE3-1C69-4468-ACBC-00FD6296B1BA}"
EndProject
Project("{FAE04EC0-301F-11D3-BF4B-00C04F79EFBC}") = "P202502181520-ai", "P202502181520-ai\P202502181520-ai.csproj", "{C89E46FA-0CFF-47C8-B244-59ECAC2EFF5F}"
EndProject
Global
	GlobalSection(SolutionConfigurationPlatforms) = preSolution
		Debug|Any CPU = Debug|Any CPU
		Release|Any CPU = Release|Any CPU
	EndGlobalSection
	GlobalSection(ProjectConfigurationPlatforms) = postSolution
		{C91307D6-0B2A-44AC-A243-A3352C62B20A}.Debug|Any CPU.ActiveCfg = Debug|Any CPU
		{C91307D6-0B2A-44AC-A243-A3352C62B20A}.Debug|Any CPU.Build.0 = Debug|Any CPU
		{C91307D6-0B2A-44AC-A243-A3352C62B20A}.Release|Any CPU.ActiveCfg = Release|Any CPU
		{C91307D6-0B2A-44AC-A243-A3352C62B20A}.Release|Any CPU.Build.0 = Release|Any CPU
		{00C2A615-9F57-1351-2CA2-B7B24D0F8C6E}.Debug|Any CPU.ActiveCfg = Debug|Any CPU
		{00C2A615-9F57-1351-2CA2-B7B24D0F8C6E}.Debug|Any CPU.Build.0 = Debug|Any CPU
		{00C2A615-9F57-1351-2CA2-B7B24D0F8C6E}.Release|Any CPU.ActiveCfg = Release|Any CPU
		{00C2A615-9F57-1351-2CA2-B7B24D0F8C6E}.Release|Any CPU.Build.0 = Release|Any CPU
		{0034E513-69B7-4647-A175-CA7C38A2888A}.Debug|Any CPU.ActiveCfg = Debug|Any CPU
		{0034E513-69B7-4647-A175-CA7C38A2888A}.Debug|Any CPU.Build.0 = Debug|Any CPU
		{0034E513-69B7-4647-A175-CA7C38A2888A}.Release|Any CPU.ActiveCfg = Release|Any CPU
		{0034E513-69B7-4647-A175-CA7C38A2888A}.Release|Any CPU.Build.0 = Release|Any CPU
		{C5A44B4D-F0C6-4890-88F7-1095C39E4E76}.Debug|Any CPU.ActiveCfg = Debug|Any CPU
		{C5A44B4D-F0C6-4890-88F7-1095C39E4E76}.Debug|Any CPU.Build.0 = Debug|Any CPU
		{C5A44B4D-F0C6-4890-88F7-1095C39E4E76}.Release|Any CPU.ActiveCfg = Release|Any CPU
		{C5A44B4D-F0C6-4890-88F7-1095C39E4E76}.Release|Any CPU.Build.0 = Release|Any CPU
		{FD60E1B3-531D-4394-A722-2AC63A404AD9}.Debug|Any CPU.ActiveCfg = Debug|Any CPU
		{FD60E1B3-531D-4394-A722-2AC63A404AD9}.Debug|Any CPU.Build.0 = Debug|Any CPU
		{FD60E1B3-531D-4394-A722-2AC63A404AD9}.Release|Any CPU.ActiveCfg = Release|Any CPU
		{FD60E1B3-531D-4394-A722-2AC63A404AD9}.Release|Any CPU.Build.0 = Release|Any CPU
		{F9BBBE94-0EF2-4E63-A9F5-B7406D6EDC67}.Debug|Any CPU.ActiveCfg = Debug|Any CPU
		{F9BBBE94-0EF2-4E63-A9F5-B7406D6EDC67}.Debug|Any CPU.Build.0 = Debug|Any CPU
		{F9BBBE94-0EF2-4E63-A9F5-B7406D6EDC67}.Release|Any CPU.ActiveCfg = Release|Any CPU
		{F9BBBE94-0EF2-4E63-A9F5-B7406D6EDC67}.Release|Any CPU.Build.0 = Release|Any CPU
		{4832AC99-E212-4BDB-A5E9-8E0D34441520}.Debug|Any CPU.ActiveCfg = Debug|Any CPU
		{4832AC99-E212-4BDB-A5E9-8E0D34441520}.Debug|Any CPU.Build.0 = Debug|Any CPU
		{4832AC99-E212-4BDB-A5E9-8E0D34441520}.Release|Any CPU.ActiveCfg = Release|Any CPU
		{4832AC99-E212-4BDB-A5E9-8E0D34441520}.Release|Any CPU.Build.0 = Release|Any CPU
		{81425038-F83A-43D7-9F8C-D24853B6033A}.Debug|Any CPU.ActiveCfg = Debug|Any CPU
		{81425038-F83A-43D7-9F8C-D24853B6033A}.Debug|Any CPU.Build.0 = Debug|Any CPU
		{81425038-F83A-43D7-9F8C-D24853B6033A}.Release|Any CPU.ActiveCfg = Release|Any CPU
		{81425038-F83A-43D7-9F8C-D24853B6033A}.Release|Any CPU.Build.0 = Release|Any CPU
		{FD46F7DE-E049-4735-9284-A36761CCD096}.Debug|Any CPU.ActiveCfg = Debug|Any CPU
		{FD46F7DE-E049-4735-9284-A36761CCD096}.Debug|Any CPU.Build.0 = Debug|Any CPU
		{FD46F7DE-E049-4735-9284-A36761CCD096}.Release|Any CPU.ActiveCfg = Release|Any CPU
		{FD46F7DE-E049-4735-9284-A36761CCD096}.Release|Any CPU.Build.0 = Release|Any CPU
		{5E981C32-A330-4BC5-917D-0E416AC79B4C}.Debug|Any CPU.ActiveCfg = Debug|Any CPU
		{5E981C32-A330-4BC5-917D-0E416AC79B4C}.Debug|Any CPU.Build.0 = Debug|Any CPU
		{5E981C32-A330-4BC5-917D-0E416AC79B4C}.Release|Any CPU.ActiveCfg = Release|Any CPU
		{5E981C32-A330-4BC5-917D-0E416AC79B4C}.Release|Any CPU.Build.0 = Release|Any CPU
		{43330FE3-1C69-4468-ACBC-00FD6296B1BA}.Debug|Any CPU.ActiveCfg = Debug|Any CPU
		{43330FE3-1C69-4468-ACBC-00FD6296B1BA}.Debug|Any CPU.Build.0 = Debug|Any CPU
		{43330FE3-1C69-4468-ACBC-00FD6296B1BA}.Release|Any CPU.ActiveCfg = Release|Any CPU
		{43330FE3-1C69-4468-ACBC-00FD6296B1BA}.Release|Any CPU.Build.0 = Release|Any CPU
		{C89E46FA-0CFF-47C8-B244-59ECAC2EFF5F}.Debug|Any CPU.ActiveCfg = Debug|Any CPU
		{C89E46FA-0CFF-47C8-B244-59ECAC2EFF5F}.Debug|Any CPU.Build.0 = Debug|Any CPU
		{C89E46FA-0CFF-47C8-B244-59ECAC2EFF5F}.Release|Any CPU.ActiveCfg = Release|Any CPU
		{C89E46FA-0CFF-47C8-B244-59ECAC2EFF5F}.Release|Any CPU.Build.0 = Release|Any CPU
	EndGlobalSection
	GlobalSection(SolutionProperties) = preSolution
		HideSolutionNode = FALSE
	EndGlobalSection
	GlobalSection(ExtensibilityGlobals) = postSolution
		SolutionGuid = {FB7C39B3-F101-490A-89E7-B1D3157694BA}
	EndGlobalSection
EndGlobal
