
Microsoft Visual Studio Solution File, Format Version 12.00
# Visual Studio Version 17
VisualStudioVersion = 17.13.35806.99
MinimumVisualStudioVersion = 10.0.40219.1
Project("{FAE04EC0-301F-11D3-BF4B-00C04F79EFBC}") = "P202502171100-Terning", "P202502171100-Terning\P202502171100-Terning.csproj", "{C91307D6-0B2A-44AC-A243-A3352C62B20A}"
EndProject
Project("{FAE04EC0-301F-11D3-BF4B-00C04F79EFBC}") = "P202502171000-maskine", "P202502171000-Maskine\P202502171000-maskine.csproj", "{00C2A615-9F57-1351-2CA2-B7B24D0F8C6E}"
EndProject
Global
	GlobalSection(SolutionConfigurationPlatforms) = preSolution
		Debug|Any CPU = Debug|Any CPU
		Release|Any CPU = Release|Any CPU
	EndGlobalSection
	GlobalSection(ProjectConfigurationPlatforms) = postSolution
		{C91307D6-0B2A-44AC-A243-A3352C62B20A}.Debug|Any CPU.ActiveCfg = Debug|Any CPU
		{C91307D6-0B2A-44AC-A243-A3352C62B20A}.Debug|Any CPU.Build.0 = Debug|Any CPU
		{C91307D6-0B2A-44AC-A243-A3352C62B20A}.Release|Any CPU.ActiveCfg = Release|Any CPU
		{C91307D6-0B2A-44AC-A243-A3352C62B20A}.Release|Any CPU.Build.0 = Release|Any CPU
		{00C2A615-9F57-1351-2CA2-B7B24D0F8C6E}.Debug|Any CPU.ActiveCfg = Debug|Any CPU
		{00C2A615-9F57-1351-2CA2-B7B24D0F8C6E}.Debug|Any CPU.Build.0 = Debug|Any CPU
		{00C2A615-9F57-1351-2CA2-B7B24D0F8C6E}.Release|Any CPU.ActiveCfg = Release|Any CPU
		{00C2A615-9F57-1351-2CA2-B7B24D0F8C6E}.Release|Any CPU.Build.0 = Release|Any CPU
	EndGlobalSection
	GlobalSection(SolutionProperties) = preSolution
		HideSolutionNode = FALSE
	EndGlobalSection
	GlobalSection(ExtensibilityGlobals) = postSolution
		SolutionGuid = {FB7C39B3-F101-490A-89E7-B1D3157694BA}
	EndGlobalSection
EndGlobal
